
Microsoft Visual Studio Solution File, Format Version 12.00
# Visual Studio Version 16
VisualStudioVersion = 16.0.37027.11
MinimumVisualStudioVersion = 10.0.40219.1
Project("{FAE04EC0-301F-11D3-BF4B-00C04F79EFBC}") = "ConsoleApp2", "ConsoleApp2\ConsoleApp2.csproj", "{73709B0A-9E15-4417-BE76-F7442A082F4D}"
EndProject
Global
	GlobalSection(SolutionConfigurationPlatforms) = preSolution
		Debug|Any CPU = Debug|Any CPU
		Release|Any CPU = Release|Any CPU
	EndGlobalSection
	GlobalSection(ProjectConfigurationPlatforms) = postSolution
		{73709B0A-9E15-4417-BE76-F7442A082F4D}.Debug|Any CPU.ActiveCfg = Debug|Any CPU
		{73709B0A-9E15-4417-BE76-F7442A082F4D}.Debug|Any CPU.Build.0 = Debug|Any CPU
		{73709B0A-9E15-4417-BE76-F7442A082F4D}.Release|Any CPU.ActiveCfg = Release|Any CPU
		{73709B0A-9E15-4417-BE76-F7442A082F4D}.Release|Any CPU.Build.0 = Release|Any CPU
	EndGlobalSection
	GlobalSection(SolutionProperties) = preSolution
		HideSolutionNode = FALSE
	EndGlobalSection
	GlobalSection(ExtensibilityGlobals) = postSolution
		SolutionGuid = {7FA60C30-1B15-4B49-9647-F7F847DCC2B6}
	EndGlobalSection
EndGlobal
